// !$*UTF8*$!
{
	archiveVersion = 1;
	classes = {
	};
	objectVersion = 46;
	objects = {

/* Begin PBXBuildFile section */
		FFAEBC5A1AF68B69006E86D4 /* AppDelegate.swift in Sources */ = {isa = PBXBuildFile; fileRef = FFAEBC591AF68B69006E86D4 /* AppDelegate.swift */; };
		FFAEBC5C1AF68B69006E86D4 /* ViewController.swift in Sources */ = {isa = PBXBuildFile; fileRef = FFAEBC5B1AF68B69006E86D4 /* ViewController.swift */; };
		FFAEBC5F1AF68B69006E86D4 /* Main.storyboard in Resources */ = {isa = PBXBuildFile; fileRef = FFAEBC5D1AF68B69006E86D4 /* Main.storyboard */; };
		FFAEBC611AF68B69006E86D4 /* Images.xcassets in Resources */ = {isa = PBXBuildFile; fileRef = FFAEBC601AF68B69006E86D4 /* Images.xcassets */; };
		FFAEBC641AF68B69006E86D4 /* LaunchScreen.xib in Resources */ = {isa = PBXBuildFile; fileRef = FFAEBC621AF68B69006E86D4 /* LaunchScreen.xib */; };
		FFAEBC701AF68B69006E86D4 /* ImageTransitionDemoTests.swift in Sources */ = {isa = PBXBuildFile; fileRef = FFAEBC6F1AF68B69006E86D4 /* ImageTransitionDemoTests.swift */; };
		FFAEBC7D1AF68CA2006E86D4 /* mediate_thumbnail.jpg in Resources */ = {isa = PBXBuildFile; fileRef = FFAEBC7B1AF68CA2006E86D4 /* mediate_thumbnail.jpg */; };
		FFAEBC7E1AF68CA2006E86D4 /* small_thumbnail.jpg in Resources */ = {isa = PBXBuildFile; fileRef = FFAEBC7C1AF68CA2006E86D4 /* small_thumbnail.jpg */; };
		FFAEBC801AF693BF006E86D4 /* FullImageController.swift in Sources */ = {isa = PBXBuildFile; fileRef = FFAEBC7F1AF693BF006E86D4 /* FullImageController.swift */; };
		FFAEBC831AF6A72C006E86D4 /* Transition.gif in Resources */ = {isa = PBXBuildFile; fileRef = FFAEBC821AF6A72C006E86D4 /* Transition.gif */; };
		FFAEBC851AF6EEC5006E86D4 /* ImageGallery.swift in Sources */ = {isa = PBXBuildFile; fileRef = FFAEBC841AF6EEC5006E86D4 /* ImageGallery.swift */; };
		FFAEBC8E1AF705CD006E86D4 /* 1_mediate.jpg in Resources */ = {isa = PBXBuildFile; fileRef = FFAEBC861AF705CD006E86D4 /* 1_mediate.jpg */; };
		FFAEBC8F1AF705CD006E86D4 /* 1.jpg in Resources */ = {isa = PBXBuildFile; fileRef = FFAEBC871AF705CD006E86D4 /* 1.jpg */; };
		FFAEBC901AF705CD006E86D4 /* 2_mediate.jpg in Resources */ = {isa = PBXBuildFile; fileRef = FFAEBC881AF705CD006E86D4 /* 2_mediate.jpg */; };
		FFAEBC911AF705CD006E86D4 /* 2.jpg in Resources */ = {isa = PBXBuildFile; fileRef = FFAEBC891AF705CD006E86D4 /* 2.jpg */; };
		FFAEBC921AF705CD006E86D4 /* 3_mediate.jpg in Resources */ = {isa = PBXBuildFile; fileRef = FFAEBC8A1AF705CD006E86D4 /* 3_mediate.jpg */; };
		FFAEBC931AF705CD006E86D4 /* 3.jpg in Resources */ = {isa = PBXBuildFile; fileRef = FFAEBC8B1AF705CD006E86D4 /* 3.jpg */; };
		FFAEBC941AF705CD006E86D4 /* 4_mediate.jpg in Resources */ = {isa = PBXBuildFile; fileRef = FFAEBC8C1AF705CD006E86D4 /* 4_mediate.jpg */; };
		FFAEBC951AF705CD006E86D4 /* 4.jpg in Resources */ = {isa = PBXBuildFile; fileRef = FFAEBC8D1AF705CD006E86D4 /* 4.jpg */; };
/* End PBXBuildFile section */

/* Begin PBXContainerItemProxy section */
		FFAEBC6A1AF68B69006E86D4 /* PBXContainerItemProxy */ = {
			isa = PBXContainerItemProxy;
			containerPortal = FFAEBC4C1AF68B69006E86D4 /* Project object */;
			proxyType = 1;
			remoteGlobalIDString = FFAEBC531AF68B69006E86D4;
			remoteInfo = ImageTransitionDemo;
		};
/* End PBXContainerItemProxy section */

/* Begin PBXFileReference section */
		FFAEBC541AF68B69006E86D4 /* ImageTransitionDemo.app */ = {isa = PBXFileReference; explicitFileType = wrapper.application; includeInIndex = 0; path = ImageTransitionDemo.app; sourceTree = BUILT_PRODUCTS_DIR; };
		FFAEBC581AF68B69006E86D4 /* Info.plist */ = {isa = PBXFileReference; lastKnownFileType = text.plist.xml; path = Info.plist; sourceTree = "<group>"; };
		FFAEBC591AF68B69006E86D4 /* AppDelegate.swift */ = {isa = PBXFileReference; lastKnownFileType = sourcecode.swift; path = AppDelegate.swift; sourceTree = "<group>"; };
		FFAEBC5B1AF68B69006E86D4 /* ViewController.swift */ = {isa = PBXFileReference; lastKnownFileType = sourcecode.swift; path = ViewController.swift; sourceTree = "<group>"; };
		FFAEBC5E1AF68B69006E86D4 /* Base */ = {isa = PBXFileReference; lastKnownFileType = file.storyboard; name = Base; path = Base.lproj/Main.storyboard; sourceTree = "<group>"; };
		FFAEBC601AF68B69006E86D4 /* Images.xcassets */ = {isa = PBXFileReference; lastKnownFileType = folder.assetcatalog; path = Images.xcassets; sourceTree = "<group>"; };
		FFAEBC631AF68B69006E86D4 /* Base */ = {isa = PBXFileReference; lastKnownFileType = file.xib; name = Base; path = Base.lproj/LaunchScreen.xib; sourceTree = "<group>"; };
		FFAEBC691AF68B69006E86D4 /* ImageTransitionDemoTests.xctest */ = {isa = PBXFileReference; explicitFileType = wrapper.cfbundle; includeInIndex = 0; path = ImageTransitionDemoTests.xctest; sourceTree = BUILT_PRODUCTS_DIR; };
		FFAEBC6E1AF68B69006E86D4 /* Info.plist */ = {isa = PBXFileReference; lastKnownFileType = text.plist.xml; path = Info.plist; sourceTree = "<group>"; };
		FFAEBC6F1AF68B69006E86D4 /* ImageTransitionDemoTests.swift */ = {isa = PBXFileReference; lastKnownFileType = sourcecode.swift; path = ImageTransitionDemoTests.swift; sourceTree = "<group>"; };
		FFAEBC7B1AF68CA2006E86D4 /* mediate_thumbnail.jpg */ = {isa = PBXFileReference; lastKnownFileType = image.jpeg; path = mediate_thumbnail.jpg; sourceTree = "<group>"; };
		FFAEBC7C1AF68CA2006E86D4 /* small_thumbnail.jpg */ = {isa = PBXFileReference; lastKnownFileType = image.jpeg; path = small_thumbnail.jpg; sourceTree = "<group>"; };
		FFAEBC7F1AF693BF006E86D4 /* FullImageController.swift */ = {isa = PBXFileReference; fileEncoding = 4; lastKnownFileType = sourcecode.swift; path = FullImageController.swift; sourceTree = "<group>"; };
		FFAEBC821AF6A72C006E86D4 /* Transition.gif */ = {isa = PBXFileReference; lastKnownFileType = image.gif; path = Transition.gif; sourceTree = "<group>"; };
		FFAEBC841AF6EEC5006E86D4 /* ImageGallery.swift */ = {isa = PBXFileReference; fileEncoding = 4; lastKnownFileType = sourcecode.swift; path = ImageGallery.swift; sourceTree = "<group>"; };
		FFAEBC861AF705CD006E86D4 /* 1_mediate.jpg */ = {isa = PBXFileReference; lastKnownFileType = image.jpeg; path = 1_mediate.jpg; sourceTree = "<group>"; };
		FFAEBC871AF705CD006E86D4 /* 1.jpg */ = {isa = PBXFileReference; lastKnownFileType = image.jpeg; path = 1.jpg; sourceTree = "<group>"; };
		FFAEBC881AF705CD006E86D4 /* 2_mediate.jpg */ = {isa = PBXFileReference; lastKnownFileType = image.jpeg; path = 2_mediate.jpg; sourceTree = "<group>"; };
		FFAEBC891AF705CD006E86D4 /* 2.jpg */ = {isa = PBXFileReference; lastKnownFileType = image.jpeg; path = 2.jpg; sourceTree = "<group>"; };
		FFAEBC8A1AF705CD006E86D4 /* 3_mediate.jpg */ = {isa = PBXFileReference; lastKnownFileType = image.jpeg; path = 3_mediate.jpg; sourceTree = "<group>"; };
		FFAEBC8B1AF705CD006E86D4 /* 3.jpg */ = {isa = PBXFileReference; lastKnownFileType = image.jpeg; path = 3.jpg; sourceTree = "<group>"; };
		FFAEBC8C1AF705CD006E86D4 /* 4_mediate.jpg */ = {isa = PBXFileReference; lastKnownFileType = image.jpeg; path = 4_mediate.jpg; sourceTree = "<group>"; };
		FFAEBC8D1AF705CD006E86D4 /* 4.jpg */ = {isa = PBXFileReference; lastKnownFileType = image.jpeg; path = 4.jpg; sourceTree = "<group>"; };
/* End PBXFileReference section */

/* Begin PBXFrameworksBuildPhase section */
		FFAEBC511AF68B69006E86D4 /* Frameworks */ = {
			isa = PBXFrameworksBuildPhase;
			buildActionMask = 2147483647;
			files = (
			);
			runOnlyForDeploymentPostprocessing = 0;
		};
		FFAEBC661AF68B69006E86D4 /* Frameworks */ = {
			isa = PBXFrameworksBuildPhase;
			buildActionMask = 2147483647;
			files = (
			);
			runOnlyForDeploymentPostprocessing = 0;
		};
/* End PBXFrameworksBuildPhase section */

/* Begin PBXGroup section */
		FFAEBC4B1AF68B69006E86D4 = {
			isa = PBXGroup;
			children = (
				FFAEBC561AF68B69006E86D4 /* ImageTransitionDemo */,
				FFAEBC6C1AF68B69006E86D4 /* ImageTransitionDemoTests */,
				FFAEBC551AF68B69006E86D4 /* Products */,
			);
			sourceTree = "<group>";
		};
		FFAEBC551AF68B69006E86D4 /* Products */ = {
			isa = PBXGroup;
			children = (
				FFAEBC541AF68B69006E86D4 /* ImageTransitionDemo.app */,
				FFAEBC691AF68B69006E86D4 /* ImageTransitionDemoTests.xctest */,
			);
			name = Products;
			sourceTree = "<group>";
		};
		FFAEBC561AF68B69006E86D4 /* ImageTransitionDemo */ = {
			isa = PBXGroup;
			children = (
				FFAEBC811AF6A5F8006E86D4 /* Demo */,
				FFAEBC7A1AF68C8B006E86D4 /* Images */,
				FFAEBC591AF68B69006E86D4 /* AppDelegate.swift */,
				FFAEBC5B1AF68B69006E86D4 /* ViewController.swift */,
				FFAEBC7F1AF693BF006E86D4 /* FullImageController.swift */,
				FFAEBC841AF6EEC5006E86D4 /* ImageGallery.swift */,
				FFAEBC5D1AF68B69006E86D4 /* Main.storyboard */,
				FFAEBC601AF68B69006E86D4 /* Images.xcassets */,
				FFAEBC621AF68B69006E86D4 /* LaunchScreen.xib */,
				FFAEBC571AF68B69006E86D4 /* Supporting Files */,
			);
			path = ImageTransitionDemo;
			sourceTree = "<group>";
		};
		FFAEBC571AF68B69006E86D4 /* Supporting Files */ = {
			isa = PBXGroup;
			children = (
				FFAEBC581AF68B69006E86D4 /* Info.plist */,
			);
			name = "Supporting Files";
			sourceTree = "<group>";
		};
		FFAEBC6C1AF68B69006E86D4 /* ImageTransitionDemoTests */ = {
			isa = PBXGroup;
			children = (
				FFAEBC6F1AF68B69006E86D4 /* ImageTransitionDemoTests.swift */,
				FFAEBC6D1AF68B69006E86D4 /* Supporting Files */,
			);
			path = ImageTransitionDemoTests;
			sourceTree = "<group>";
		};
		FFAEBC6D1AF68B69006E86D4 /* Supporting Files */ = {
			isa = PBXGroup;
			children = (
				FFAEBC6E1AF68B69006E86D4 /* Info.plist */,
			);
			name = "Supporting Files";
			sourceTree = "<group>";
		};
		FFAEBC7A1AF68C8B006E86D4 /* Images */ = {
			isa = PBXGroup;
			children = (
				FFAEBC861AF705CD006E86D4 /* 1_mediate.jpg */,
				FFAEBC871AF705CD006E86D4 /* 1.jpg */,
				FFAEBC881AF705CD006E86D4 /* 2_mediate.jpg */,
				FFAEBC891AF705CD006E86D4 /* 2.jpg */,
				FFAEBC8A1AF705CD006E86D4 /* 3_mediate.jpg */,
				FFAEBC8B1AF705CD006E86D4 /* 3.jpg */,
				FFAEBC8C1AF705CD006E86D4 /* 4_mediate.jpg */,
				FFAEBC8D1AF705CD006E86D4 /* 4.jpg */,
				FFAEBC7B1AF68CA2006E86D4 /* mediate_thumbnail.jpg */,
				FFAEBC7C1AF68CA2006E86D4 /* small_thumbnail.jpg */,
			);
			path = Images;
			sourceTree = "<group>";
		};
		FFAEBC811AF6A5F8006E86D4 /* Demo */ = {
			isa = PBXGroup;
			children = (
				FFAEBC821AF6A72C006E86D4 /* Transition.gif */,
			);
			path = Demo;
			sourceTree = "<group>";
		};
/* End PBXGroup section */

/* Begin PBXNativeTarget section */
		FFAEBC531AF68B69006E86D4 /* ImageTransitionDemo */ = {
			isa = PBXNativeTarget;
			buildConfigurationList = FFAEBC731AF68B69006E86D4 /* Build configuration list for PBXNativeTarget "ImageTransitionDemo" */;
			buildPhases = (
				FFAEBC501AF68B69006E86D4 /* Sources */,
				FFAEBC511AF68B69006E86D4 /* Frameworks */,
				FFAEBC521AF68B69006E86D4 /* Resources */,
			);
			buildRules = (
			);
			dependencies = (
			);
			name = ImageTransitionDemo;
			productName = ImageTransitionDemo;
			productReference = FFAEBC541AF68B69006E86D4 /* ImageTransitionDemo.app */;
			productType = "com.apple.product-type.application";
		};
		FFAEBC681AF68B69006E86D4 /* ImageTransitionDemoTests */ = {
			isa = PBXNativeTarget;
			buildConfigurationList = FFAEBC761AF68B69006E86D4 /* Build configuration list for PBXNativeTarget "ImageTransitionDemoTests" */;
			buildPhases = (
				FFAEBC651AF68B69006E86D4 /* Sources */,
				FFAEBC661AF68B69006E86D4 /* Frameworks */,
				FFAEBC671AF68B69006E86D4 /* Resources */,
			);
			buildRules = (
			);
			dependencies = (
				FFAEBC6B1AF68B69006E86D4 /* PBXTargetDependency */,
			);
			name = ImageTransitionDemoTests;
			productName = ImageTransitionDemoTests;
			productReference = FFAEBC691AF68B69006E86D4 /* ImageTransitionDemoTests.xctest */;
			productType = "com.apple.product-type.bundle.unit-test";
		};
/* End PBXNativeTarget section */

/* Begin PBXProject section */
		FFAEBC4C1AF68B69006E86D4 /* Project object */ = {
			isa = PBXProject;
			attributes = {
				LastUpgradeCheck = 0630;
				ORGANIZATIONNAME = xiaoyong;
				TargetAttributes = {
					FFAEBC531AF68B69006E86D4 = {
						CreatedOnToolsVersion = 6.3.1;
					};
					FFAEBC681AF68B69006E86D4 = {
						CreatedOnToolsVersion = 6.3.1;
						TestTargetID = FFAEBC531AF68B69006E86D4;
					};
				};
			};
			buildConfigurationList = FFAEBC4F1AF68B69006E86D4 /* Build configuration list for PBXProject "ImageTransitionDemo" */;
			compatibilityVersion = "Xcode 3.2";
			developmentRegion = English;
			hasScannedForEncodings = 0;
			knownRegions = (
				en,
				Base,
			);
			mainGroup = FFAEBC4B1AF68B69006E86D4;
			productRefGroup = FFAEBC551AF68B69006E86D4 /* Products */;
			projectDirPath = "";
			projectRoot = "";
			targets = (
				FFAEBC531AF68B69006E86D4 /* ImageTransitionDemo */,
				FFAEBC681AF68B69006E86D4 /* ImageTransitionDemoTests */,
			);
		};
/* End PBXProject section */

/* Begin PBXResourcesBuildPhase section */
		FFAEBC521AF68B69006E86D4 /* Resources */ = {
			isa = PBXResourcesBuildPhase;
			buildActionMask = 2147483647;
			files = (
				FFAEBC7D1AF68CA2006E86D4 /* mediate_thumbnail.jpg in Resources */,
				FFAEBC5F1AF68B69006E86D4 /* Main.storyboard in Resources */,
				FFAEBC911AF705CD006E86D4 /* 2.jpg in Resources */,
				FFAEBC941AF705CD006E86D4 /* 4_mediate.jpg in Resources */,
				FFAEBC931AF705CD006E86D4 /* 3.jpg in Resources */,
				FFAEBC7E1AF68CA2006E86D4 /* small_thumbnail.jpg in Resources */,
				FFAEBC831AF6A72C006E86D4 /* Transition.gif in Resources */,
				FFAEBC641AF68B69006E86D4 /* LaunchScreen.xib in Resources */,
				FFAEBC951AF705CD006E86D4 /* 4.jpg in Resources */,
				FFAEBC8F1AF705CD006E86D4 /* 1.jpg in Resources */,
				FFAEBC8E1AF705CD006E86D4 /* 1_mediate.jpg in Resources */,
				FFAEBC901AF705CD006E86D4 /* 2_mediate.jpg in Resources */,
				FFAEBC611AF68B69006E86D4 /* Images.xcassets in Resources */,
				FFAEBC921AF705CD006E86D4 /* 3_mediate.jpg in Resources */,
			);
			runOnlyForDeploymentPostprocessing = 0;
		};
		FFAEBC671AF68B69006E86D4 /* Resources */ = {
			isa = PBXResourcesBuildPhase;
			buildActionMask = 2147483647;
			files = (
			);
			runOnlyForDeploymentPostprocessing = 0;
		};
/* End PBXResourcesBuildPhase section */

/* Begin PBXSourcesBuildPhase section */
		FFAEBC501AF68B69006E86D4 /* Sources */ = {
			isa = PBXSourcesBuildPhase;
			buildActionMask = 2147483647;
			files = (
				FFAEBC851AF6EEC5006E86D4 /* ImageGallery.swift in Sources */,
				FFAEBC801AF693BF006E86D4 /* FullImageController.swift in Sources */,
				FFAEBC5C1AF68B69006E86D4 /* ViewController.swift in Sources */,
				FFAEBC5A1AF68B69006E86D4 /* AppDelegate.swift in Sources */,
			);
			runOnlyForDeploymentPostprocessing = 0;
		};
		FFAEBC651AF68B69006E86D4 /* Sources */ = {
			isa = PBXSourcesBuildPhase;
			buildActionMask = 2147483647;
			files = (
				FFAEBC701AF68B69006E86D4 /* ImageTransitionDemoTests.swift in Sources */,
			);
			runOnlyForDeploymentPostprocessing = 0;
		};
/* End PBXSourcesBuildPhase section */

/* Begin PBXTargetDependency section */
		FFAEBC6B1AF68B69006E86D4 /* PBXTargetDependency */ = {
			isa = PBXTargetDependency;
			target = FFAEBC531AF68B69006E86D4 /* ImageTransitionDemo */;
			targetProxy = FFAEBC6A1AF68B69006E86D4 /* PBXContainerItemProxy */;
		};
/* End PBXTargetDependency section */

/* Begin PBXVariantGroup section */
		FFAEBC5D1AF68B69006E86D4 /* Main.storyboard */ = {
			isa = PBXVariantGroup;
			children = (
				FFAEBC5E1AF68B69006E86D4 /* Base */,
			);
			name = Main.storyboard;
			sourceTree = "<group>";
		};
		FFAEBC621AF68B69006E86D4 /* LaunchScreen.xib */ = {
			isa = PBXVariantGroup;
			children = (
				FFAEBC631AF68B69006E86D4 /* Base */,
			);
			name = LaunchScreen.xib;
			sourceTree = "<group>";
		};
/* End PBXVariantGroup section */

/* Begin XCBuildConfiguration section */
		FFAEBC711AF68B69006E86D4 /* Debug */ = {
			isa = XCBuildConfiguration;
			buildSettings = {
				ALWAYS_SEARCH_USER_PATHS = NO;
				CLANG_CXX_LANGUAGE_STANDARD = "gnu++0x";
				CLANG_CXX_LIBRARY = "libc++";
				CLANG_ENABLE_MODULES = YES;
				CLANG_ENABLE_OBJC_ARC = YES;
				CLANG_WARN_BOOL_CONVERSION = YES;
				CLANG_WARN_CONSTANT_CONVERSION = YES;
				CLANG_WARN_DIRECT_OBJC_ISA_USAGE = YES_ERROR;
				CLANG_WARN_EMPTY_BODY = YES;
				CLANG_WARN_ENUM_CONVERSION = YES;
				CLANG_WARN_INT_CONVERSION = YES;
				CLANG_WARN_OBJC_ROOT_CLASS = YES_ERROR;
				CLANG_WARN_UNREACHABLE_CODE = YES;
				CLANG_WARN__DUPLICATE_METHOD_MATCH = YES;
				"CODE_SIGN_IDENTITY[sdk=iphoneos*]" = "iPhone Developer";
				COPY_PHASE_STRIP = NO;
				DEBUG_INFORMATION_FORMAT = "dwarf-with-dsym";
				ENABLE_STRICT_OBJC_MSGSEND = YES;
				GCC_C_LANGUAGE_STANDARD = gnu99;
				GCC_DYNAMIC_NO_PIC = NO;
				GCC_NO_COMMON_BLOCKS = YES;
				GCC_OPTIMIZATION_LEVEL = 0;
				GCC_PREPROCESSOR_DEFINITIONS = (
					"DEBUG=1",
					"$(inherited)",
				);
				GCC_SYMBOLS_PRIVATE_EXTERN = NO;
				GCC_WARN_64_TO_32_BIT_CONVERSION = YES;
				GCC_WARN_ABOUT_RETURN_TYPE = YES_ERROR;
				GCC_WARN_UNDECLARED_SELECTOR = YES;
				GCC_WARN_UNINITIALIZED_AUTOS = YES_AGGRESSIVE;
				GCC_WARN_UNUSED_FUNCTION = YES;
				GCC_WARN_UNUSED_VARIABLE = YES;
				IPHONEOS_DEPLOYMENT_TARGET = 8.3;
				MTL_ENABLE_DEBUG_INFO = YES;
				ONLY_ACTIVE_ARCH = YES;
				SDKROOT = iphoneos;
				SWIFT_OPTIMIZATION_LEVEL = "-Onone";
			};
			name = Debug;
		};
		FFAEBC721AF68B69006E86D4 /* Release */ = {
			isa = XCBuildConfiguration;
			buildSettings = {
				ALWAYS_SEARCH_USER_PATHS = NO;
				CLANG_CXX_LANGUAGE_STANDARD = "gnu++0x";
				CLANG_CXX_LIBRARY = "libc++";
				CLANG_ENABLE_MODULES = YES;
				CLANG_ENABLE_OBJC_ARC = YES;
				CLANG_WARN_BOOL_CONVERSION = YES;
				CLANG_WARN_CONSTANT_CONVERSION = YES;
				CLANG_WARN_DIRECT_OBJC_ISA_USAGE = YES_ERROR;
				CLANG_WARN_EMPTY_BODY = YES;
				CLANG_WARN_ENUM_CONVERSION = YES;
				CLANG_WARN_INT_CONVERSION = YES;
				CLANG_WARN_OBJC_ROOT_CLASS = YES_ERROR;
				CLANG_WARN_UNREACHABLE_CODE = YES;
				CLANG_WARN__DUPLICATE_METHOD_MATCH = YES;
				"CODE_SIGN_IDENTITY[sdk=iphoneos*]" = "iPhone Developer";
				COPY_PHASE_STRIP = NO;
				DEBUG_INFORMATION_FORMAT = "dwarf-with-dsym";
				ENABLE_NS_ASSERTIONS = NO;
				ENABLE_STRICT_OBJC_MSGSEND = YES;
				GCC_C_LANGUAGE_STANDARD = gnu99;
				GCC_NO_COMMON_BLOCKS = YES;
				GCC_WARN_64_TO_32_BIT_CONVERSION = YES;
				GCC_WARN_ABOUT_RETURN_TYPE = YES_ERROR;
				GCC_WARN_UNDECLARED_SELECTOR = YES;
				GCC_WARN_UNINITIALIZED_AUTOS = YES_AGGRESSIVE;
				GCC_WARN_UNUSED_FUNCTION = YES;
				GCC_WARN_UNUSED_VARIABLE = YES;
				IPHONEOS_DEPLOYMENT_TARGET = 8.3;
				MTL_ENABLE_DEBUG_INFO = NO;
				SDKROOT = iphoneos;
				VALIDATE_PRODUCT = YES;
			};
			name = Release;
		};
		FFAEBC741AF68B69006E86D4 /* Debug */ = {
			isa = XCBuildConfiguration;
			buildSettings = {
				ASSETCATALOG_COMPILER_APPICON_NAME = AppIcon;
				INFOPLIST_FILE = ImageTransitionDemo/Info.plist;
				LD_RUNPATH_SEARCH_PATHS = "$(inherited) @executable_path/Frameworks";
				PRODUCT_NAME = "$(TARGET_NAME)";
			};
			name = Debug;
		};
		FFAEBC751AF68B69006E86D4 /* Release */ = {
			isa = XCBuildConfiguration;
			buildSettings = {
				ASSETCATALOG_COMPILER_APPICON_NAME = AppIcon;
				INFOPLIST_FILE = ImageTransitionDemo/Info.plist;
				LD_RUNPATH_SEARCH_PATHS = "$(inherited) @executable_path/Frameworks";
				PRODUCT_NAME = "$(TARGET_NAME)";
			};
			name = Release;
		};
		FFAEBC771AF68B69006E86D4 /* Debug */ = {
			isa = XCBuildConfiguration;
			buildSettings = {
				BUNDLE_LOADER = "$(TEST_HOST)";
				FRAMEWORK_SEARCH_PATHS = (
					"$(SDKROOT)/Developer/Library/Frameworks",
					"$(inherited)",
				);
				GCC_PREPROCESSOR_DEFINITIONS = (
					"DEBUG=1",
					"$(inherited)",
				);
				INFOPLIST_FILE = ImageTransitionDemoTests/Info.plist;
				LD_RUNPATH_SEARCH_PATHS = "$(inherited) @executable_path/Frameworks @loader_path/Frameworks";
				PRODUCT_NAME = "$(TARGET_NAME)";
				TEST_HOST = "$(BUILT_PRODUCTS_DIR)/ImageTransitionDemo.app/ImageTransitionDemo";
			};
			name = Debug;
		};
		FFAEBC781AF68B69006E86D4 /* Release */ = {
			isa = XCBuildConfiguration;
			buildSettings = {
				BUNDLE_LOADER = "$(TEST_HOST)";
				FRAMEWORK_SEARCH_PATHS = (
					"$(SDKROOT)/Developer/Library/Frameworks",
					"$(inherited)",
				);
				INFOPLIST_FILE = ImageTransitionDemoTests/Info.plist;
				LD_RUNPATH_SEARCH_PATHS = "$(inherited) @executable_path/Frameworks @loader_path/Frameworks";
				PRODUCT_NAME = "$(TARGET_NAME)";
				TEST_HOST = "$(BUILT_PRODUCTS_DIR)/ImageTransitionDemo.app/ImageTransitionDemo";
			};
			name = Release;
		};
/* End XCBuildConfiguration section */

/* Begin XCConfigurationList section */
		FFAEBC4F1AF68B69006E86D4 /* Build configuration list for PBXProject "ImageTransitionDemo" */ = {
			isa = XCConfigurationList;
			buildConfigurations = (
				FFAEBC711AF68B69006E86D4 /* Debug */,
				FFAEBC721AF68B69006E86D4 /* Release */,
			);
			defaultConfigurationIsVisible = 0;
			defaultConfigurationName = Release;
		};
		FFAEBC731AF68B69006E86D4 /* Build configuration list for PBXNativeTarget "ImageTransitionDemo" */ = {
			isa = XCConfigurationList;
			buildConfigurations = (
				FFAEBC741AF68B69006E86D4 /* Debug */,
				FFAEBC751AF68B69006E86D4 /* Release */,
			);
			defaultConfigurationIsVisible = 0;
		};
		FFAEBC761AF68B69006E86D4 /* Build configuration list for PBXNativeTarget "ImageTransitionDemoTests" */ = {
			isa = XCConfigurationList;
			buildConfigurations = (
				FFAEBC771AF68B69006E86D4 /* Debug */,
				FFAEBC781AF68B69006E86D4 /* Release */,
			);
			defaultConfigurationIsVisible = 0;
		};
/* End XCConfigurationList section */
	};
	rootObject = FFAEBC4C1AF68B69006E86D4 /* Project object */;
}
